dependencies:
- name: cert-manager
  repository: oci://quay.io/jetstack/charts
  version: 1.20.2
- name: trust-manager
  repository: oci://quay.io/jetstack/charts
  version: 0.22.1
- name: crd-check
  repository: oci://ghcr.io/all-hands-ai/helm-charts
  version: 0.1.0
digest: sha256:c50cea506c46fb84db085fbe17509758f5baf083d8625dc56031fe06dbffd5c1
generated: "2026-05-13T16:43:44.751144-05:00"
