dependencies:
- name: keycloak
  repository: oci://registry-1.docker.io/bitnamicharts
  version: 24.7.5
- name: laminar
  repository: https://lmnr-ai.github.io/lmnr-helm
  version: 0.1.7
- name: litellm-helm
  repository: oci://ghcr.io/berriai
  version: 0.1.831
- name: minio
  repository: https://charts.min.io/
  version: 5.0.10
- name: postgresql
  repository: https://charts.bitnami.com/bitnami
  version: 15.5.38
- name: redis
  repository: oci://registry-1.docker.io/bitnamicharts
  version: 20.3.0
- name: replicated
  repository: oci://charts.shortrib.io/library
  version: 1.9.0
- name: runtime-api
  repository: file://../runtime-api
  version: 0.2.11
- name: automation
  repository: file://../automation
  version: 0.1.4
digest: sha256:4ed8822f6fe01b37f21aa712966896c5045aa12f4e05251a924546e92d081f3a
generated: "2026-04-23T11:40:33.952501-04:00"
