dependencies:
- name: keycloak
  repository: oci://registry-1.docker.io/bitnamicharts
  version: 24.7.5
- name: laminar
  repository: https://lmnr-ai.github.io/lmnr-helm
  version: 0.1.11
- name: litellm-helm
  repository: oci://ghcr.io/berriai
  version: 0.1.831
- name: minio
  repository: https://charts.min.io/
  version: 5.0.10
- name: postgresql
  repository: https://charts.bitnami.com/bitnami
  version: 15.5.38
- name: redis
  repository: oci://registry-1.docker.io/bitnamicharts
  version: 20.3.0
- name: replicated
  repository: oci://charts.shortrib.io/library
  version: 1.9.0
- name: runtime-api
  repository: oci://ghcr.io/all-hands-ai/helm-charts
  version: 0.3.3
- name: automation
  repository: oci://ghcr.io/all-hands-ai/helm-charts
  version: 0.1.8
- name: crd-check
  repository: oci://ghcr.io/all-hands-ai/helm-charts
  version: 0.1.0
- name: plugin-directory
  repository: oci://ghcr.io/all-hands-ai/helm-charts
  version: 0.1.1
digest: sha256:ac280b04d306702c555b22657359b56abaa7948ef79665ff8ed7eb70f0ce28bf
generated: "2026-05-13T16:43:48.312767-05:00"
