dependencies:
- name: clickhouse
  repository: oci://registry-1.docker.io/bitnamicharts
  version: 9.2.5
- name: keycloak
  repository: oci://registry-1.docker.io/bitnamicharts
  version: 24.5.2
- name: langfuse
  repository: https://langfuse.github.io/langfuse-k8s
  version: 1.2.13
- name: litellm-helm
  repository: oci://ghcr.io/berriai
  version: 0.1.781
- name: minio
  repository: https://charts.min.io/
  version: 5.0.10
- name: postgresql
  repository: https://charts.bitnami.com/bitnami
  version: 15.5.38
- name: redis
  repository: oci://registry-1.docker.io/bitnamicharts
  version: 20.3.0
- name: runtime-api
  repository: oci://ghcr.io/all-hands-ai/helm-charts
  version: 0.1.20
digest: sha256:993e079383b8356e71d7b12cdc0ae82ee0747f5ce72a9d7307471aa2c9be0da9
generated: "2026-01-15T17:32:49.752308-05:00"
